cloud.google.com/go v0.26.0/go.mod h1:aQUYkXzVsufM+DwF1aE+0xfcU+56JwCaLick0ClmMTw=
cloud.google.com/go/compute v1.23.0 h1:tP41Zoavr8ptEqaW6j+LQOnyBBhO7OkOMAGrgLopTwY=
cloud.google.com/go/compute v1.23.0/go.mod h1:4tCnrn48xsqlwSAiLf1HXMQk8CONslYbdiEZc9FEIbM=
cloud.google.com/go/compute/metadata v0.2.3 h1:mg4jlk7mCAj6xXp9UJ4fjI9VUI5rubuGBW5aJ7UnBMY=
cloud.google.com/go/compute/metadata v0.2.3/go.mod h1:VAV5nSsACxMJvgaAuX6Pk2AawlZn8kiOGuCv6gTkwuA=
git.sr.ht/~sbinet/gg v0.3.1 h1:LNhjNn8DerC8f9DHLz6lS0YYul/b602DUxDgGkd/Aik=
git.sr.ht/~sbinet/gg v0.3.1/go.mod h1:KGYtlADtqsqANL9ueOFkWymvzUvLMQllU5Ixo+8v3pc=
git.sr.ht/~sbinet/gg v0.5.0 h1:6V43j30HM623V329xA9Ntq+WJrMjDxRjuAB1LFWF5m8=
github.com/BurntSushi/toml v0.3.1/go.mod h1:xHWCNGjB5oqiDr8zfno3MHue2Ht5sIBksp03qcyfWMU=
github.com/ByteArena/poly2tri-go v0.0.0-20170716161910-d102ad91854f h1:l7moT9o/v/9acCWA64Yz/HDLqjcRTvc0noQACi4MsJw=
github.com/ByteArena/poly2tri-go v0.0.0-20170716161910-d102ad91854f/go.mod h1:vIOkSdX3NDCPwgu8FIuTat2zDF0FPXXQ0RYFRy+oQic=
github.com/PuerkitoBio/goquery v1.8.1 h1:uQxhNlArOIdbrH1tr0UXwdVFgDcZDrZVdcpygAcwmWM=
github.com/PuerkitoBio/goquery v1.8.1/go.mod h1:Q8ICL1kNUJ2sXGoAhPGUdYDJvgQgHzJsnnd3H7Ho5jQ=
github.com/PuerkitoBio/goquery v1.9.2 h1:4/wZksC3KgkQw7SQgkKotmKljk0M6V8TUvA8Wb4yPeE=
github.com/PuerkitoBio/goquery v1.9.2/go.mod h1:GHPCaP0ODyyxqcNoFGYlAprUFH81NuRPd0GX3Zu2Mvk=
github.com/ajstarks/svgo v0.0.0-20211024235047-1546f124cd8b h1:slYM766cy2nI3BwyRiyQj/Ud48djTMtMebDqepE95rw=
github.com/ajstarks/svgo v0.0.0-20211024235047-1546f124cd8b/go.mod h1:1KcenG0jGWcpt8ov532z81sp/kMMUG485J2InIOyADM=
github.com/andybalholm/brotli v1.1.0 h1:eLKJA0d02Lf0mVpIDgYnqXcUn0GqVmEFny3VuID1U3M=
github.com/andybalholm/brotli v1.1.0/go.mod h1:sms7XGricyQI9K10gOSf56VKKWS4oLer58Q+mhRPtnY=
github.com/andybalholm/cascadia v1.3.1 h1:nhxRkql1kdYCc8Snf7D5/D3spOX+dBgjA6u8x004T2c=
github.com/andybalholm/cascadia v1.3.1/go.mod h1:R4bJ1UQfqADjvDa4P6HZHLh/3OxWWEqc0Sk8XGwHqvA=
github.com/andybalholm/cascadia v1.3.2 h1:3Xi6Dw5lHF15JtdcmAHD3i1+T8plmv7BQ/nsViSLyss=
github.com/andybalholm/cascadia v1.3.2/go.mod h1:7gtRlve5FxPPgIgX36uWBX58OdBsSS6lUvCFb+h7KvU=
github.com/aws/aws-lambda-go v1.41.0 h1:l/5fyVb6Ud9uYd411xdHZzSf2n86TakxzpvIoz7l+3Y=
github.com/aws/aws-lambda-go v1.41.0/go.mod h1:jwFe2KmMsHmffA1X2R09hH6lFzJQxzI8qK17ewzbQMM=
github.com/benoitkugler/pstokenizer v1.0.0/go.mod h1:l1G2Voirz0q/jj0TQfabNxVsa8HZXh/VMxFSRALWTiE=
github.com/benoitkugler/textlayout v0.3.0 h1:2ehWXEkgb6RUokTjXh1LzdGwG4dRP6X3dqhYYDYhUVk=
github.com/benoitkugler/textlayout v0.3.0/go.mod h1:o+1hFV+JSHBC9qNLIuwVoLedERU7sBPgEFcuSgfvi/w=
github.com/benoitkugler/textlayout-testdata v0.1.1/go.mod h1:i/qZl09BbUOtd7Bu/W1CAubRwTWrEXWq6JwMkw8wYxo=
github.com/benoitkugler/textprocessing v0.0.3 h1:Q2X+Z6vxuW5Bxn1R9RaNt0qcprBfpc2hEUDeTlz90Ng=
github.com/benoitkugler/textprocessing v0.0.3/go.mod h1:/4bLyCf1QYywunMK3Gf89Nhb50YI/9POewqrLxWhxd4=
github.com/census-instrumentation/opencensus-proto v0.2.1/go.mod h1:f6KPmirojxKA12rnyqOA5BBL4O983OfeGPqjHWSTneU=
github.com/cheekybits/is v0.0.0-20150225183255-68e9c0620927/go.mod h1:h/aW8ynjgkuj+NQRlZcDbAbM1ORAbXjXX77sX7T289U=
github.com/chromedp/cdproto v0.0.0-20240202021202-6d0b6a386732 h1:XYUCaZrW8ckGWlCRJKCSoh/iFwlpX316a8yY9IFEzv8=
github.com/chromedp/cdproto v0.0.0-20240202021202-6d0b6a386732/go.mod h1:GKljq0VrfU4D5yc+2qA6OVr8pmO/MBbPEWqWQ/oqGEs=
github.com/chromedp/chromedp v0.9.5 h1:viASzruPJOiThk7c5bueOUY91jGLJVximoEMGoH93rg=
github.com/chromedp/chromedp v0.9.5/go.mod h1:D4I2qONslauw/C7INoCir1BJkSwBYMyZgx8X276z3+Y=
github.com/chromedp/sysutil v1.0.0 h1:+ZxhTpfpZlmchB58ih/LBHX52ky7w2VhQVKQMucy3Ic=
github.com/chromedp/sysutil v1.0.0/go.mod h1:kgWmDdq8fTzXYcKIBqIYvRRTnYb9aNS9moAV0xufSww=
github.com/client9/misspell v0.3.4/go.mod h1:qj6jICC3Q7zFZvVWo7KLAzC3yx5G7kyvSDkc90ppPyw=
github.com/cncf/udpa/go v0.0.0-20191209042840-269d4d468f6f/go.mod h1:M8M6+tZqaGXZJjfX53e64911xZQV5JYwmTeXPW+k8Sc=
github.com/davecgh/go-spew v1.1.0/go.mod h1:J7Y8YcW2NihsgmVo/mv3lAwl/skON4iLHjSsI+c5H38=
github.com/davecgh/go-spew v1.1.1 h1:vj9j/u1bqnvCEfJOwUhtlOARqs3+rkHYY13jYWTU97c=
github.com/davecgh/go-spew v1.1.1/go.mod h1:J7Y8YcW2NihsgmVo/mv3lAwl/skON4iLHjSsI+c5H38=
github.com/djherbis/atime v1.1.0/go.mod h1:28OF6Y8s3NQWwacXc5eZTsEsiMzp7LF8MbXE+XJPdBE=
github.com/dsnet/compress v0.0.1 h1:PlZu0n3Tuv04TzpfPbrnI0HW/YwodEXDS+oPKahKF0Q=
github.com/dsnet/compress v0.0.1/go.mod h1:Aw8dCMJ7RioblQeTqt88akK31OvO8Dhf5JflhBbQEHo=
github.com/dsnet/golib v0.0.0-20171103203638-1ea166775780/go.mod h1:Lj+Z9rebOhdfkVLjJ8T6VcRQv3SXugXy999NBtR9aFY=
github.com/dustin/go-humanize v1.0.0/go.mod h1:HtrtbFcZ19U5GC7JDqmcUSB87Iq5E25KnS6fMYU6eOk=
github.com/envoyproxy/go-control-plane v0.9.0/go.mod h1:YTl/9mNaCwkRvm6d1a2C3ymFceY/DCBVvsKhRF0iEA4=
github.com/envoyproxy/go-control-plane v0.9.1-0.20191026205805-5f8ba28d4473/go.mod h1:YTl/9mNaCwkRvm6d1a2C3ymFceY/DCBVvsKhRF0iEA4=
github.com/envoyproxy/go-control-plane v0.9.4/go.mod h1:6rpuAdCZL397s3pYoYcLgu1mIlRU8Am5FuJP05cCM98=
github.com/envoyproxy/protoc-gen-validate v0.1.0/go.mod h1:iSmxcyjqTsJpI2R4NaDN7+kN2VEUnK/pcBlmesArF7c=
github.com/fsnotify/fsnotify v1.5.4/go.mod h1:OVB6XrOHzAwXMpEM7uPOzcehqUV2UqJxmVXmkdnm1bU=
github.com/go-fonts/dejavu v0.1.0 h1:JSajPXURYqpr+Cu8U9bt8K+XcACIHWqWrvWCKyeFmVQ=
github.com/go-fonts/dejavu v0.1.0/go.mod h1:4Wt4I4OU2Nq9asgDCteaAaWZOV24E+0/Pwo0gppep4g=
github.com/go-fonts/latin-modern v0.3.0 h1:CIDlMm0djMO3XIKHVz2na9lFKt3kdC/YCy7k7lLpyjE=
github.com/go-fonts/latin-modern v0.3.0/go.mod h1:ysEQXnuT/sCDOAONxC7ImeEDVINbltClhasMAqEtRK0=
github.com/go-fonts/latin-modern v0.3.2 h1:M+Sq24Dp0ZRPf3TctPnG1MZxRblqyWC/cRUL9WmdaFc=
github.com/go-fonts/latin-modern v0.3.2/go.mod h1:9odJt4NbRrbdj4UAMuLVd4zEukf6aAEKnDaQga0whqQ=
github.com/go-fonts/liberation v0.3.0 h1:3BI2iaE7R/s6uUUtzNCjo3QijJu3aS4wmrMgfSpYQ+8=
github.com/go-fonts/liberation v0.3.0/go.mod h1:jdJ+cqF+F4SUL2V+qxBth8fvBpBDS7yloUL5Fi8GTGY=
github.com/go-fonts/liberation v0.3.1 h1:9RPT2NhUpxQ7ukUvz3jeUckmN42T9D9TpjtQcqK/ceM=
github.com/go-latex/latex v0.0.0-20230307184459-12ec69307ad9 h1:NxXI5pTAtpEaU49bpLpQoDsu1zrteW/vxzTz8Cd2UAs=
github.com/go-latex/latex v0.0.0-20230307184459-12ec69307ad9/go.mod h1:gWuR/CrFDDeVRFQwHPvsv9soJVB/iqymhuZQuJ3a9OM=
github.com/go-pdf/fpdf v0.6.0 h1:MlgtGIfsdMEEQJr2le6b/HNr1ZlQwxyWr77r2aj2U/8=
github.com/go-pdf/fpdf v0.6.0/go.mod h1:HzcnA+A23uwogo0tp9yU+l3V+KXhiESpt1PMayhOh5M=
github.com/go-pdf/fpdf v0.9.0 h1:PPvSaUuo1iMi9KkaAn90NuKi+P4gwMedWPHhj8YlJQw=
github.com/go-text/typesetting v0.0.0-20230502123426-87572f5551cf h1:e8ywVrdKchz174Xe2FOjbZkp7tmcB94EQlKjhpnP24o=
github.com/go-text/typesetting v0.0.0-20230502123426-87572f5551cf/go.mod h1:KmrpWuSMFcO2yjmyhGpnBGQHSKAoEgMTSSzvLDzCuEA=
github.com/go-text/typesetting v0.1.1 h1:bGAesCuo85nXnEN5LmFMVGAGpGkCPtHrZLi//qD7EJo=
github.com/go-text/typesetting v0.1.1/go.mod h1:d22AnmeKq/on0HNv73UFriMKc4Ez6EqZAofLhAzpSzI=
github.com/go-text/typesetting-utils v0.0.0-20230412163830-89e4bcfa3ecc h1:9Kf84pnrmmjdRzZIkomfjowmGUhHs20jkrWYw/I6CYc=
github.com/go-text/typesetting-utils v0.0.0-20230412163830-89e4bcfa3ecc/go.mod h1:RaqFwjcYyM5BjbYGwON0H5K0UqwO3sJlo9ukKha80ZE=
github.com/go-text/typesetting-utils v0.0.0-20231211103740-d9332ae51f04 h1:zBx+p/W2aQYtNuyZNcTfinWvXBQwYtDfme051PR/lAY=
github.com/gobwas/httphead v0.1.0 h1:exrUm0f4YX0L7EBwZHuCF4GDp8aJfVeBrlLQrs6NqWU=
github.com/gobwas/httphead v0.1.0/go.mod h1:O/RXo79gxV8G+RqlR/otEwx4Q36zl9rqC5u12GKvMCM=
github.com/gobwas/pool v0.2.1 h1:xfeeEhW7pwmX8nuLVlqbzVc7udMDrwetjEv+TZIz1og=
github.com/gobwas/pool v0.2.1/go.mod h1:q8bcK0KcYlCgd9e7WYLm9LpyS+YeLd8JVDW6WezmKEw=
github.com/gobwas/ws v1.3.2 h1:zlnbNHxumkRvfPWgfXu8RBwyNR1x8wh9cf5PTOCqs9Q=
github.com/gobwas/ws v1.3.2/go.mod h1:hRKAFb8wOxFROYNsT1bqfWnhX+b5MFeJM9r2ZSwg/KY=
github.com/golang/freetype v0.0.0-20170609003504-e2365dfdc4a0 h1:DACJavvAHhabrF08vX0COfcOBJRhZ8lUbR+ZWIs0Y5g=
github.com/golang/freetype v0.0.0-20170609003504-e2365dfdc4a0/go.mod h1:E/TSTwGwJL78qG/PmXZO1EjYhfJinVAhrmmHX6Z8B9k=
github.com/golang/glog v0.0.0-20160126235308-23def4e6c14b/go.mod h1:SBH7ygxi8pfUlaOkMMuAQtPIUF8ecWP5IEl/CR7VP2Q=
github.com/golang/groupcache v0.0.0-20200121045136-8c9f03a8e57e/go.mod h1:cIg4eruTrX1D+g88fzRXU5OdNfaM+9IcxsU14FzY7Hc=
github.com/golang/groupcache v0.0.0-20210331224755-41bb18bfe9da h1:oI5xCqsCo564l8iNU+DwB5epxmsaqB+rhGL0m5jtYqE=
github.com/golang/groupcache v0.0.0-20210331224755-41bb18bfe9da/go.mod h1:cIg4eruTrX1D+g88fzRXU5OdNfaM+9IcxsU14FzY7Hc=
github.com/golang/mock v1.1.1/go.mod h1:oTYuIxOrZwtPieC+H1uAHpcLFnEyAGVDL/k47Jfbm0A=
github.com/golang/protobuf v1.2.0/go.mod h1:6lQm79b+lXiMfvg/cZm0SGofjICqVBUtrP5yJMmIC1U=
github.com/golang/protobuf v1.3.1/go.mod h1:6lQm79b+lXiMfvg/cZm0SGofjICqVBUtrP5yJMmIC1U=
github.com/golang/protobuf v1.3.2/go.mod h1:6lQm79b+lXiMfvg/cZm0SGofjICqVBUtrP5yJMmIC1U=
github.com/golang/protobuf v1.4.0-rc.1/go.mod h1:ceaxUfeHdC40wWswd/P6IGgMaK3YpKi5j83Wpe3EHw8=
github.com/golang/protobuf v1.4.0-rc.1.0.20200221234624-67d41d38c208/go.mod h1:xKAWHe0F5eneWXFV3EuXVDTCmh+JuBKY0li0aMyXATA=
github.com/golang/protobuf v1.4.0-rc.2/go.mod h1:LlEzMj4AhA7rCAGe4KMBDvJI+AwstrUpVNzEA03Pprs=
github.com/golang/protobuf v1.4.0-rc.4.0.20200313231945-b860323f09d0/go.mod h1:WU3c8KckQ9AFe+yFwt9sWVRKCVIyN9cPHBJSNnbL67w=
github.com/golang/protobuf v1.4.0/go.mod h1:jodUvKwWbYaEsadDk5Fwe5c77LiNKVO9IDvqG2KuDX0=
github.com/golang/protobuf v1.4.1/go.mod h1:U8fpvMrcmy5pZrNK1lt4xCsGvpyWQ/VVv6QDs8UjoX8=
github.com/golang/protobuf v1.4.3/go.mod h1:oDoupMAO8OvCJWAcko0GGGIgR6R6ocIYbsSw735rRwI=
github.com/golang/protobuf v1.5.0/go.mod h1:FsONVRAS9T7sI+LIUmWTfcYkHO4aIWwzhcaSAoJOfIk=
github.com/golang/protobuf v1.5.3 h1:KhyjKVUg7Usr/dYsdSqoFveMYd5ko72D+zANwlG1mmg=
github.com/golang/protobuf v1.5.3/go.mod h1:XVQd3VNwM+JqD3oG2Ue2ip4fOMUkwXdXDdiuN0vRsmY=
github.com/google/go-cmp v0.2.0/go.mod h1:oXzfMopK8JAjlY9xF4vHSVASa0yLyX7SntLO5aqRK0M=
github.com/google/go-cmp v0.3.0/go.mod h1:8QqcDgzrUqlUb/G2PQTWiueGozuR1884gddMywk6iLU=
github.com/google/go-cmp v0.3.1/go.mod h1:8QqcDgzrUqlUb/G2PQTWiueGozuR1884gddMywk6iLU=
github.com/google/go-cmp v0.4.0/go.mod h1:v8dTdLbMG2kIc/vJvl+f65V22dbkXbowE6jgT/gNBxE=
github.com/google/go-cmp v0.5.0/go.mod h1:v8dTdLbMG2kIc/vJvl+f65V22dbkXbowE6jgT/gNBxE=
github.com/google/go-cmp v0.5.3/go.mod h1:v8dTdLbMG2kIc/vJvl+f65V22dbkXbowE6jgT/gNBxE=
github.com/google/go-cmp v0.5.5/go.mod h1:v8dTdLbMG2kIc/vJvl+f65V22dbkXbowE6jgT/gNBxE=
github.com/google/go-cmp v0.5.9 h1:O2Tfq5qg4qc4AmwVlvv0oLiVAGB7enBSJ2x2DqQFi38=
github.com/google/go-cmp v0.5.9/go.mod h1:17dUlkBOakJ0+DkrSSNjCkIjxS6bF9zb3elmeNGIjoY=
github.com/google/s2a-go v0.1.7 h1:60BLSyTrOV4/haCDW4zb1guZItoSq8foHCXrAnjBo/o=
github.com/google/s2a-go v0.1.7/go.mod h1:50CgR4k1jNlWBu4UfS4AcfhVe1r6pdZPygJ3R8F0Qdw=
github.com/google/uuid v1.1.2/go.mod h1:TIyPZe4MgqvfeYDBFedMoGGpEw/LqOeaOT+nhxU+yHo=
github.com/google/uuid v1.3.1 h1:KjJaJ9iWZ3jOFZIf1Lqf4laDRCasjl0BCmnEGxkdLb4=
github.com/google/uuid v1.3.1/go.mod h1:TIyPZe4MgqvfeYDBFedMoGGpEw/LqOeaOT+nhxU+yHo=
github.com/googleapis/enterprise-certificate-proxy v0.2.5 h1:UR4rDjcgpgEnqpIEvkiqTYKBCKLNmlge2eVjoZfySzM=
github.com/googleapis/enterprise-certificate-proxy v0.2.5/go.mod h1:RxW0N9901Cko1VOCW3SXCpWP+mlIEkk2tP7jnHy9a3w=
github.com/googleapis/gax-go/v2 v2.12.0 h1:A+gCJKdRfqXkr+BIRGtZLibNXf0m1f9E4HG56etFpas=
github.com/googleapis/gax-go/v2 v2.12.0/go.mod h1:y+aIqrI5eb1YGMVJfuV3185Ts/D7qKpsEkdD5+I6QGU=
github.com/janczer/goMoonPhase v0.0.0-20210411203237-6c61017953a8 h1:Dm5ZV6OiMV+c0NcjZZNE/qdyyWLSGP2aI4mt4vBWMS8=
github.com/janczer/goMoonPhase v0.0.0-20210411203237-6c61017953a8/go.mod h1:cP58cMQH4tMoeknficHktMZj5QraEnMIMcR0I9EzuzU=
github.com/josharian/intern v1.0.0 h1:vlS4z54oSdjm0bgjRigI+G1HpF+tI+9rE5LLzOg8HmY=
github.com/josharian/intern v1.0.0/go.mod h1:5DoeVV0s6jJacbCEi61lwdGj/aVlrQvzHFFd8Hwg//Y=
github.com/klauspost/compress v1.4.1/go.mod h1:RyIbtBH6LamlWaDj8nUwkbUhJ87Yi3uG0guNDohfE1A=
github.com/klauspost/cpuid v1.2.0/go.mod h1:Pj4uuM528wm8OyEC2QMXAi2YiTZ96dNQPGgoMS4s3ek=
github.com/ledongthuc/pdf v0.0.0-20220302134840-0c2507a12d80/go.mod h1:imJHygn/1yfhB7XSJJKlFZKl/J+dCPAknuiaGOshXAs=
github.com/mailru/easyjson v0.7.7 h1:UGYAvKxe3sBsEDzO8ZeWOSlIQfWFlxbzLZe7hwFURr0=
github.com/mailru/easyjson v0.7.7/go.mod h1:xzfreul335JAWq5oZzymOObrkdz5UnU4kGfJJLY9Nlc=
github.com/matryer/try v0.0.0-20161228173917-9ac251b645a2/go.mod h1:0KeJpeMD6o+O4hW7qJOT7vyQPKrWmj26uf5wMc/IiIs=
github.com/nathan-osman/go-sunrise v1.1.0 h1:ZqZmtmtzs8Os/DGQYi0YMHpuUqR/iRoJK+wDO0wTCw8=
github.com/nathan-osman/go-sunrise v1.1.0/go.mod h1:RcWqhT+5ShCZDev79GuWLayetpJp78RSjSWxiDowmlM=
github.com/orisano/pixelmatch v0.0.0-20220722002657-fb0b55479cde/go.mod h1:nZgzbfBr3hhjoZnS66nKrHmduYNpc34ny7RK4z5/HM0=
github.com/pmezard/go-difflib v1.0.0 h1:4DBwDE0NGyQoBHbLQYPwSUPoCMWR5BEzIk/f1lZbAQM=
github.com/pmezard/go-difflib v1.0.0/go.mod h1:iKH77koFhYxTK1pcRnkKkqfTogsbg7gZNVY4sRDYZ/4=
github.com/prometheus/client_model v0.0.0-20190812154241-14fe0d1b01d4/go.mod h1:xMI15A0UPsDsEKsMN9yxemIoYk6Tm2C1GtYGdfGttqA=
github.com/spf13/pflag v1.0.5/go.mod h1:McXfInJRrz4CZXVZOBLb0bTZqETkiAhM9Iw0y3An2Bg=
github.com/stretchr/objx v0.1.0/go.mod h1:HFkY916IF+rwdDfMAkV7OtwuqBVzrE8GR6GFx+wExME=
github.com/stretchr/objx v0.4.0/go.mod h1:YvHI0jy2hoMjB+UWwv71VJQ9isScKT/TqJzVSSt89Yw=
github.com/stretchr/objx v0.5.0/go.mod h1:Yh+to48EsGEfYuaHDzXPcE3xhTkx73EhmCGUpEOglKo=
github.com/stretchr/testify v1.7.1/go.mod h1:6Fq8oRcR53rry900zMqJjRRixrwX3KX962/h/Wwjteg=
github.com/stretchr/testify v1.8.0/go.mod h1:yNjHg4UonilssWZ8iaSj1OCr/vHnekPRkoO+kdMU+MU=
github.com/stretchr/testify v1.8.1/go.mod h1:w2LPCIKwWwSfY2zedu0+kehJoqGctiVI29o6fzry7u4=
github.com/stretchr/testify v1.8.2 h1:+h33VjcLVPDHtOdpUCuF+7gSuG3yGIftsP1YvFihtJ8=
github.com/stretchr/testify v1.8.2/go.mod h1:w2LPCIKwWwSfY2zedu0+kehJoqGctiVI29o6fzry7u4=
github.com/stretchr/testify v1.8.4 h1:CcVxjf3Q8PM0mHUKJCdn+eZZtm5yQwehR5yeSVQQcUk=
github.com/tdewolff/canvas v0.0.0-20230917124520-e6ea538e3e50 h1:pyaVhhmgOQ2tlPODvLSfqDO/BtIM8gZkN1IV7m37/uo=
github.com/tdewolff/canvas v0.0.0-20230917124520-e6ea538e3e50/go.mod h1:KaZWLWHSMsHqU90hoZ5rz6ZFmZg5Y2cVw87PCEEndCQ=
github.com/tdewolff/canvas v0.0.0-20240420213651-d5a04e36ef50 h1:cBiyXEHSOVHfECSfJDAsMpgp8ymmRx4+dnhlw31+UTI=
github.com/tdewolff/canvas v0.0.0-20240420213651-d5a04e36ef50/go.mod h1:mnKFz6b45baRW2VMr+xzoie6MLWOlxKdaLrir2b8vbI=
github.com/tdewolff/font v0.0.0-20240417221047-e5855237f87b h1:PPaIj43Z8Lpu1PJtFgBYArGYxn0r++G1WuQTPmbH48Y=
github.com/tdewolff/font v0.0.0-20240417221047-e5855237f87b/go.mod h1:S1ByajP+rzLFlhudtNTELNuhxoSZ19Coif+JE4kivAo=
github.com/tdewolff/minify/v2 v2.12.4 h1:kejsHQMM17n6/gwdw53qsi6lg0TGddZADVyQOz1KMdE=
github.com/tdewolff/minify/v2 v2.12.4/go.mod h1:h+SRvSIX3kwgwTFOpSckvSxgax3uy8kZTSF1Ojrr3bk=
github.com/tdewolff/minify/v2 v2.20.20 h1:vhULb+VsW2twkplgsawAoUY957efb+EdiZ7zu5fUhhk=
github.com/tdewolff/minify/v2 v2.20.20/go.mod h1:GYaLXFpIIwsX99apQHXfGdISUdlA98wmaoWxjT9C37k=
github.com/tdewolff/parse/v2 v2.6.4/go.mod h1:woz0cgbLwFdtbjJu8PIKxhW05KplTFQkOdX78o+Jgrs=
github.com/tdewolff/parse/v2 v2.6.5 h1:lYvWBk55GkqKl0JJenGpmrgu/cPHQQ6/Mm1hBGswoGQ=
github.com/tdewolff/parse/v2 v2.6.5/go.mod h1:woz0cgbLwFdtbjJu8PIKxhW05KplTFQkOdX78o+Jgrs=
github.com/tdewolff/parse/v2 v2.7.13 h1:iSiwOUkCYLNfapHoqdLcqZVgvQ0jrsao8YYKP/UJYTI=
github.com/tdewolff/parse/v2 v2.7.13/go.mod h1:3FbJWZp3XT9OWVN3Hmfp0p/a08v4h8J9W1aghka0soA=
github.com/tdewolff/test v1.0.7/go.mod h1:6DAvZliBAAnD7rhVgwaM7DE5/d9NMOAJ09SqYqeK4QE=
github.com/tdewolff/test v1.0.8 h1:OuN95SfbMm2C3FsB6hyr8JmPga8cjv07RYSWfrG+FDs=
github.com/tdewolff/test v1.0.8/go.mod h1:6DAvZliBAAnD7rhVgwaM7DE5/d9NMOAJ09SqYqeK4QE=
github.com/tdewolff/test v1.0.11-0.20231101010635-f1265d231d52/go.mod h1:6DAvZliBAAnD7rhVgwaM7DE5/d9NMOAJ09SqYqeK4QE=
github.com/tdewolff/test v1.0.11-0.20240106005702-7de5f7df4739 h1:IkjBCtQOOjIn03u/dMQK9g+Iw9ewps4mCl1nB8Sscbo=
github.com/ulikunitz/xz v0.5.6/go.mod h1:2bypXElzHzzJZwzH67Y6wb67pO62Rzfn7BSiF4ABRW8=
github.com/wcharczuk/go-chart/v2 v2.1.0 h1:tY2slqVQ6bN+yHSnDYwZebLQFkphK4WNrVwnt7CJZ2I=
github.com/wcharczuk/go-chart/v2 v2.1.0/go.mod h1:yx7MvAVNcP/kN9lKXM/NTce4au4DFN99j6i1OwDclNA=
github.com/wcharczuk/go-chart/v2 v2.1.1 h1:2u7na789qiD5WzccZsFz4MJWOJP72G+2kUuJoSNqWnE=
github.com/wcharczuk/go-chart/v2 v2.1.1/go.mod h1:CyCAUt2oqvfhCl6Q5ZvAZwItgpQKZOkCJGb+VGv6l14=
github.com/yuin/goldmark v1.4.13/go.mod h1:6yULJ656Px+3vBD8DxQVa3kxgyrAnzto9xy5taEt/CY=
go.opencensus.io v0.24.0 h1:y73uSU6J157QMP2kn2r30vwW1A2W2WFwSCGnAVxeaD0=
go.opencensus.io v0.24.0/go.mod h1:vNK8G9p7aAivkbmorf4v+7Hgx+Zs0yY+0fOtgBfjQKo=
golang.org/x/crypto v0.0.0-20190308221718-c2843e01d9a2/go.mod h1:djNgcEr1/C05ACkg1iLfiJU5Ep61QUkGW8qpdssI0+w=
golang.org/x/crypto v0.0.0-20200622213623-75b288015ac9/go.mod h1:LzIPMQfyMNhhGPhUkYOs5KpL4U8rLKemX1yGLhDgUto=
golang.org/x/crypto v0.0.0-20210921155107-089bfa567519/go.mod h1:GvvjBRRGRdwPK5ydBHafDWAxML/pGHZbMvKqRZ5+Abc=
golang.org/x/crypto v0.13.0 h1:mvySKfSWJ+UKUii46M40LOvyWfN0s2U+46/jDd0e6Ck=
golang.org/x/crypto v0.13.0/go.mod h1:y6Z2r+Rw4iayiXXAIxJIDAJ1zMW4yaTpebo8fPOliYc=
golang.org/x/crypto v0.22.0 h1:g1v0xeRhjcugydODzvb3mEM9SQ0HGp9s/nh3COQ/C30=
golang.org/x/crypto v0.22.0/go.mod h1:vr6Su+7cTlO45qkww3VDJlzDn0ctJvRgYbC2NvXHt+M=
golang.org/x/exp v0.0.0-20190121172915-509febef88a4/go.mod h1:CJ0aWSM057203Lf6IL+f9T1iT9GByDxfZKAQTCR3kQA=
golang.org/x/image v0.0.0-20200927104501-e162460cd6b5/go.mod h1:FeLwcggjj3mMvU+oOTbSwawSJRM1uh48EjtB4UJZlP0=
golang.org/x/image v0.0.0-20210504121937-7319ad40d33e/go.mod h1:FeLwcggjj3mMvU+oOTbSwawSJRM1uh48EjtB4UJZlP0=
golang.org/x/image v0.6.0 h1:bR8b5okrPI3g/gyZakLZHeWxAR8Dn5CyxXv1hLH5g/4=
golang.org/x/image v0.6.0/go.mod h1:MXLdDR43H7cDJq5GEGXEVeeNhPgi+YYEQ2pC1byI1x0=
golang.org/x/image v0.11.0/go.mod h1:bglhjqbqVuEb9e9+eNR45Jfu7D+T4Qan+NhQk8Ck2P8=
golang.org/x/image v0.15.0 h1:kOELfmgrmJlw4Cdb7g/QGuB3CvDrXbqEIww/pNtNBm8=
golang.org/x/image v0.15.0/go.mod h1:HUYqC05R2ZcZ3ejNQsIHQDQiwWM4JBqmm6MKANTp4LE=
golang.org/x/lint v0.0.0-20181026193005-c67002cb31c3/go.mod h1:UVdnD1Gm6xHRNCYTkRU2/jEulfH38KcIWyp/GAMgvoE=
golang.org/x/lint v0.0.0-20190227174305-5b3e6a55c961/go.mod h1:wehouNa3lNwaWXcvxsM5YxQ5yQlVC4a0KAMCusXpPoU=
golang.org/x/lint v0.0.0-20190313153728-d0100b6bd8b3/go.mod h1:6SW0HCj/g11FgYtHlgUYUwCkIfeOF89ocIRzGO/8vkc=
golang.org/x/mod v0.6.0-dev.0.20220419223038-86c51ed26bb4/go.mod h1:jJ57K6gSWd91VN4djpZkiMVwK6gcyfeH4XE8wZrZaV4=
golang.org/x/mod v0.8.0/go.mod h1:iBbtSCu2XBx23ZKBPSOrRkjjQPZFPuis4dIYUhu/chs=
golang.org/x/net v0.0.0-20180724234803-3673e40ba225/go.mod h1:mL1N/T3taQHkDXs73rZJwtUhF3w3ftmwwsq0BUmARs4=
golang.org/x/net v0.0.0-20180826012351-8a410e7b638d/go.mod h1:mL1N/T3taQHkDXs73rZJwtUhF3w3ftmwwsq0BUmARs4=
golang.org/x/net v0.0.0-20190213061140-3a22650c66bd/go.mod h1:mL1N/T3taQHkDXs73rZJwtUhF3w3ftmwwsq0BUmARs4=
golang.org/x/net v0.0.0-20190311183353-d8887717615a/go.mod h1:t9HGtf8HONx5eT2rtn7q6eTqICYqUVnKs3thJo3Qplg=
golang.org/x/net v0.0.0-20190404232315-eb5bcb51f2a3/go.mod h1:t9HGtf8HONx5eT2rtn7q6eTqICYqUVnKs3thJo3Qplg=
golang.org/x/net v0.0.0-20190603091049-60506f45cf65/go.mod h1:HSz+uSET+XFnRR8LxR5pz3Of3rY3CfYBVs4xY44aLks=
golang.org/x/net v0.0.0-20190620200207-3b0461eec859/go.mod h1:z5CRVTTTmAJ677TzLLGU+0bjPO0LkuOLi4/5GtJWs/s=
golang.org/x/net v0.0.0-20201110031124-69a78807bb2b/go.mod h1:sp8m0HH+o8qH0wwXwYZr8TS3Oi6o0r6Gce1SSxlDquU=
golang.org/x/net v0.0.0-20210226172049-e18ecbb05110/go.mod h1:m0MpNAwzfU5UDzcl9v0D8zg8gWTRqZa9RBIspLL5mdg=
golang.org/x/net v0.0.0-20210510120150-4163338589ed/go.mod h1:9nx3DQGgdP8bBQD5qxJ1jj9UTztislL4KSBs9R2vV5Y=
golang.org/x/net v0.0.0-20210916014120-12bc252f5db8/go.mod h1:9nx3DQGgdP8bBQD5qxJ1jj9UTztislL4KSBs9R2vV5Y=
golang.org/x/net v0.0.0-20220722155237-a158d28d115b/go.mod h1:XRhObCWvk6IyKnWLug+ECip1KBveYUHfp+8e9klMJ9c=
golang.org/x/net v0.6.0/go.mod h1:2Tu9+aMcznHK/AK1HMvgo6xiTLG5rD5rZLDS+rp2Bjs=
golang.org/x/net v0.7.0/go.mod h1:2Tu9+aMcznHK/AK1HMvgo6xiTLG5rD5rZLDS+rp2Bjs=
golang.org/x/net v0.9.0/go.mod h1:d48xBJpPfHeWQsugry2m+kC02ZBRGRgulfHnEXEuWns=
golang.org/x/net v0.15.0 h1:ugBLEUaxABaB5AJqW9enI0ACdci2RUd4eP51NTBvuJ8=
golang.org/x/net v0.15.0/go.mod h1:idbUs1IY1+zTqbi8yxTbhexhEEk5ur9LInksu6HrEpk=
golang.org/x/net v0.24.0 h1:1PcaxkF854Fu3+lvBIx5SYn9wRlBzzcnHZSiaFFAb0w=
golang.org/x/net v0.24.0/go.mod h1:2Q7sJY5mzlzWjKtYUEXSlBWCdyaioyXzRB2RtU8KVE8=
golang.org/x/oauth2 v0.0.0-20180821212333-d2e6202438be/go.mod h1:N/0e6XlmueqKjAGxoOufVs8QHGRruUQn6yWY3a++T0U=
golang.org/x/oauth2 v0.12.0 h1:smVPGxink+n1ZI5pkQa8y6fZT0RW0MgCO5bFpepy4B4=
golang.org/x/oauth2 v0.12.0/go.mod h1:A74bZ3aGXgCY0qaIC9Ahg6Lglin4AMAco8cIv9baba4=
golang.org/x/sync v0.0.0-20180314180146-1d60e4601c6f/go.mod h1:RxMgew5VJxzue5/jJTE5uejpjVlOe/izrB70Jof72aM=
golang.org/x/sync v0.0.0-20181108010431-42b317875d0f/go.mod h1:RxMgew5VJxzue5/jJTE5uejpjVlOe/izrB70Jof72aM=
golang.org/x/sync v0.0.0-20190423024810-112230192c58/go.mod h1:RxMgew5VJxzue5/jJTE5uejpjVlOe/izrB70Jof72aM=
golang.org/x/sync v0.0.0-20220722155255-886fb9371eb4/go.mod h1:RxMgew5VJxzue5/jJTE5uejpjVlOe/izrB70Jof72aM=
golang.org/x/sync v0.1.0/go.mod h1:RxMgew5VJxzue5/jJTE5uejpjVlOe/izrB70Jof72aM=
golang.org/x/sync v0.3.0 h1:ftCYgMx6zT/asHUrPw8BLLscYtGznsLAnjq5RH9P66E=
golang.org/x/sync v0.3.0/go.mod h1:FU7BRWz2tNW+3quACPkgCx/L+uEAv1htQ0V83Z9Rj+Y=
golang.org/x/sys v0.0.0-20180830151530-49385e6e1522/go.mod h1:STP8DvDyc/dI5b8T5hshtkjS+E42TnysNCUPdjciGhY=
golang.org/x/sys v0.0.0-20190215142949-d0b11bdaac8a/go.mod h1:STP8DvDyc/dI5b8T5hshtkjS+E42TnysNCUPdjciGhY=
golang.org/x/sys v0.0.0-20190412213103-97732733099d/go.mod h1:h1NjWce9XRLGQEsW7wpKNCjG9DtNlClVuFLEZdDNbEs=
golang.org/x/sys v0.0.0-20200930185726-fdedc70b468f/go.mod h1:h1NjWce9XRLGQEsW7wpKNCjG9DtNlClVuFLEZdDNbEs=
golang.org/x/sys v0.0.0-20201119102817-f84b799fce68/go.mod h1:h1NjWce9XRLGQEsW7wpKNCjG9DtNlClVuFLEZdDNbEs=
golang.org/x/sys v0.0.0-20210423082822-04245dca01da/go.mod h1:h1NjWce9XRLGQEsW7wpKNCjG9DtNlClVuFLEZdDNbEs=
golang.org/x/sys v0.0.0-20210615035016-665e8c7367d1/go.mod h1:oPkhp1MJrh7nUepCBck5+mAzfO9JrbApNNgaTdGDITg=
golang.org/x/sys v0.0.0-20220412211240-33da011f77ad/go.mod h1:oPkhp1MJrh7nUepCBck5+mAzfO9JrbApNNgaTdGDITg=
golang.org/x/sys v0.0.0-20220520151302-bc2c85ada10a/go.mod h1:oPkhp1MJrh7nUepCBck5+mAzfO9JrbApNNgaTdGDITg=
golang.org/x/sys v0.0.0-20220722155257-8c9f86f7a55f/go.mod h1:oPkhp1MJrh7nUepCBck5+mAzfO9JrbApNNgaTdGDITg=
golang.org/x/sys v0.5.0/go.mod h1:oPkhp1MJrh7nUepCBck5+mAzfO9JrbApNNgaTdGDITg=
golang.org/x/sys v0.6.0/go.mod h1:oPkhp1MJrh7nUepCBck5+mAzfO9JrbApNNgaTdGDITg=
golang.org/x/sys v0.7.0/go.mod h1:oPkhp1MJrh7nUepCBck5+mAzfO9JrbApNNgaTdGDITg=
golang.org/x/sys v0.12.0 h1:CM0HF96J0hcLAwsHPJZjfdNzs0gftsLfgKt57wWHJ0o=
golang.org/x/sys v0.12.0/go.mod h1:oPkhp1MJrh7nUepCBck5+mAzfO9JrbApNNgaTdGDITg=
golang.org/x/sys v0.16.0/go.mod h1:/VUhepiaJMQUp4+oa/7Zr1D23ma6VTLIYjOOTFZPUcA=
golang.org/x/sys v0.19.0 h1:q5f1RH2jigJ1MoAWp2KTp3gm5zAGFUTarQZ5U386+4o=
golang.org/x/sys v0.19.0/go.mod h1:/VUhepiaJMQUp4+oa/7Zr1D23ma6VTLIYjOOTFZPUcA=
golang.org/x/term v0.0.0-20201126162022-7de9c90e9dd1/go.mod h1:bj7SfCRtBDWHUb9snDiAeCFNEtKQo2Wmx5Cou7ajbmo=
golang.org/x/term v0.0.0-20210927222741-03fcf44c2211/go.mod h1:jbD1KX2456YbFQfuXm/mYQcufACuNUgVhRMnK/tPxf8=
golang.org/x/term v0.5.0/go.mod h1:jMB1sMXY+tzblOD4FWmEbocvup2/aLOaQEp7JmGp78k=
golang.org/x/term v0.7.0/go.mod h1:P32HKFT3hSsZrRxla30E9HqToFYAQPCMs/zFMBUFqPY=
golang.org/x/text v0.3.0/go.mod h1:NqM8EUOU14njkJ3fqMW+pc6Ldnwhi/IjpwHt7yyuwOQ=
golang.org/x/text v0.3.2/go.mod h1:bEr9sfX3Q8Zfm5fL9x+3itogRgK3+ptLWKqgva+5dAk=
golang.org/x/text v0.3.3/go.mod h1:5Zoc/QRtKVWzQhOtBMvqHzDpF6irO9z98xDceosuGiQ=
golang.org/x/text v0.3.6/go.mod h1:5Zoc/QRtKVWzQhOtBMvqHzDpF6irO9z98xDceosuGiQ=
golang.org/x/text v0.3.7/go.mod h1:u+2+/6zg+i71rQMx5EYifcz6MCKuco9NR6JIITiCfzQ=
golang.org/x/text v0.7.0/go.mod h1:mrYo+phRRbMaCq/xk9113O4dZlRixOauAjOtrjsXDZ8=
golang.org/x/text v0.8.0/go.mod h1:e1OnstbJyHTd6l/uOt8jFFHp6TRDWZR/bV3emEE/zU8=
golang.org/x/text v0.9.0/go.mod h1:e1OnstbJyHTd6l/uOt8jFFHp6TRDWZR/bV3emEE/zU8=
golang.org/x/text v0.12.0/go.mod h1:TvPlkZtksWOMsz7fbANvkp4WM8x/WCo/om8BMLbz+aE=
golang.org/x/text v0.13.0 h1:ablQoSUd0tRdKxZewP80B+BaqeKJuVhuRxj/dkrun3k=
golang.org/x/text v0.13.0/go.mod h1:TvPlkZtksWOMsz7fbANvkp4WM8x/WCo/om8BMLbz+aE=
golang.org/x/text v0.14.0 h1:ScX5w1eTa3QqT8oi6+ziP7dTV1S2+ALU0bI+0zXKWiQ=
golang.org/x/text v0.14.0/go.mod h1:18ZOQIKpY8NJVqYksKHtTdi31H5itFRjB5/qKTNYzSU=
golang.org/x/tools v0.0.0-20180917221912-90fa682c2a6e/go.mod h1:n7NCudcB/nEzxVGmLbDWY5pfWTLqBcC2KZ6jyYvM4mQ=
golang.org/x/tools v0.0.0-20190114222345-bf090417da8b/go.mod h1:n7NCudcB/nEzxVGmLbDWY5pfWTLqBcC2KZ6jyYvM4mQ=
golang.org/x/tools v0.0.0-20190226205152-f727befe758c/go.mod h1:9Yl7xja0Znq3iFh3HoIrodX9oNMXvdceNzlUR8zjMvY=
golang.org/x/tools v0.0.0-20190311212946-11955173bddd/go.mod h1:LCzVGOaR6xXOjkQ3onu1FJEFr0SW1gC7cKk1uF8kGRs=
golang.org/x/tools v0.0.0-20190524140312-2c0ae7006135/go.mod h1:RgjU9mgBXZiqYHBnxXauZ1Gv1EHHAz9KjViQ78xBX0Q=
golang.org/x/tools v0.0.0-20191119224855-298f0cb1881e/go.mod h1:b+2E5dAYhXwXZwtnZ6UAqBI28+e2cm9otk0dWdXHAEo=
golang.org/x/tools v0.1.12/go.mod h1:hNGJHUnrk76NpqgfD5Aqm5Crs+Hm0VOH/i9J2+nxYbc=
golang.org/x/tools v0.6.0/go.mod h1:Xwgl3UAJ/d3gWutnCtw505GrjyAbvKui8lOU390QaIU=
golang.org/x/xerrors v0.0.0-20190717185122-a985d3407aa7/go.mod h1:I/5z698sn9Ka8TeJc9MKroUUfqBBauWjQqLJ2OPfmY0=
golang.org/x/xerrors v0.0.0-20191204190536-9bdfabe68543/go.mod h1:I/5z698sn9Ka8TeJc9MKroUUfqBBauWjQqLJ2OPfmY0=
gonum.org/v1/plot v0.12.0 h1:y1ZNmfz/xHuHvtgFe8USZVyykQo5ERXPnspQNVK15Og=
gonum.org/v1/plot v0.12.0/go.mod h1:PgiMf9+3A3PnZdJIciIXmyN1FwdAA6rXELSN761oQkw=
gonum.org/v1/plot v0.14.0 h1:+LBDVFYwFe4LHhdP8coW6296MBEY4nQ+Y4vuUpJopcE=
gonum.org/v1/plot v0.14.0/go.mod h1:MLdR9424SJed+5VqC6MsouEpig9pZX2VZ57H9ko2bXU=
google.golang.org/api v0.142.0 h1:mf+7EJ94fi5ZcnpPy+m0Yv2dkz8bKm+UL0snTCuwXlY=
google.golang.org/api v0.142.0/go.mod h1:zJAN5o6HRqR7O+9qJUFOWrZkYE66RH+efPBdTLA4xBA=
google.golang.org/appengine v1.1.0/go.mod h1:EbEs0AVv82hx2wNQdGPgUI5lhzA/G0D9YwlJXL52JkM=
google.golang.org/appengine v1.4.0/go.mod h1:xpcJRLb0r/rnEns0DIKYYv+WjYCduHsrkT7/EB5XEv4=
google.golang.org/appengine v1.6.7 h1:FZR1q0exgwxzPzp/aF+VccGrSfxfPpkBqjIIEq3ru6c=
google.golang.org/appengine v1.6.7/go.mod h1:8WjMMxjGQR8xUklV/ARdw2HLXBOI7O7uCIDZVag1xfc=
google.golang.org/genproto v0.0.0-20180817151627-c66870c02cf8/go.mod h1:JiN7NxoALGmiZfu7CAH4rXhgtRTLTxftemlI0sWmxmc=
google.golang.org/genproto v0.0.0-20190819201941-24fa4b261c55/go.mod h1:DMBHOl98Agz4BDEuKkezgsaosCRResVns1a3J2ZsMNc=
google.golang.org/genproto v0.0.0-20200526211855-cb27e3aa2013/go.mod h1:NbSheEEYHJ7i3ixzK3sjbqSGDJWnxyFXZblF3eUsNvo=
google.golang.org/genproto v0.0.0-20230803162519-f966b187b2e5 h1:L6iMMGrtzgHsWofoFcihmDEMYeDR9KN/ThbPWGrh++g=
google.golang.org/genproto v0.0.0-20230803162519-f966b187b2e5/go.mod h1:oH/ZOT02u4kWEp7oYBGYFFkCdKS/uYR9Z7+0/xuuFp8=
google.golang.org/genproto/googleapis/api v0.0.0-20230803162519-f966b187b2e5 h1:nIgk/EEq3/YlnmVVXVnm14rC2oxgs1o0ong4sD/rd44=
google.golang.org/genproto/googleapis/api v0.0.0-20230803162519-f966b187b2e5/go.mod h1:5DZzOUPCLYL3mNkQ0ms0F3EuUNZ7py1Bqeq6sxzI7/Q=
google.golang.org/genproto/googleapis/rpc v0.0.0-20230913181813-007df8e322eb h1:Isk1sSH7bovx8Rti2wZK0UZF6oraBDK74uoyLEEVFN0=
google.golang.org/genproto/googleapis/rpc v0.0.0-20230913181813-007df8e322eb/go.mod h1:+Bk1OCOj40wS2hwAMA+aCW9ypzm63QTBBHp6lQ3p+9M=
google.golang.org/grpc v1.19.0/go.mod h1:mqu4LbDTu4XGKhr4mRzUsmM4RtVoemTSY81AxZiDr8c=
google.golang.org/grpc v1.23.0/go.mod h1:Y5yQAOtifL1yxbo5wqy6BxZv8vAUGQwXBOALyacEbxg=
google.golang.org/grpc v1.25.1/go.mod h1:c3i+UQWmh7LiEpx4sFZnkU36qjEYZ0imhYfXVyQciAY=
google.golang.org/grpc v1.27.0/go.mod h1:qbnxyOmOxrQa7FizSgH+ReBfzJrCY1pSN7KXBS8abTk=
google.golang.org/grpc v1.33.2/go.mod h1:JMHMWHQWaTccqQQlmk3MJZS+GWXOdAesneDmEnv2fbc=
google.golang.org/grpc v1.57.0 h1:kfzNeI/klCGD2YPMUlaGNT3pxvYfga7smW3Vth8Zsiw=
google.golang.org/grpc v1.57.0/go.mod h1:Sd+9RMTACXwmub0zcNY2c4arhtrbBYD1AUHI/dt16Mo=
google.golang.org/protobuf v0.0.0-20200109180630-ec00e32a8dfd/go.mod h1:DFci5gLYBciE7Vtevhsrf46CRTquxDuWsQurQQe4oz8=
google.golang.org/protobuf v0.0.0-20200221191635-4d8936d0db64/go.mod h1:kwYJMbMJ01Woi6D6+Kah6886xMZcty6N08ah7+eCXa0=
google.golang.org/protobuf v0.0.0-20200228230310-ab0ca4ff8a60/go.mod h1:cfTl7dwQJ+fmap5saPgwCLgHXTUD7jkjRqWcaiX5VyM=
google.golang.org/protobuf v1.20.1-0.20200309200217-e05f789c0967/go.mod h1:A+miEFZTKqfCUM6K7xSMQL9OKL/b6hQv+e19PK+JZNE=
google.golang.org/protobuf v1.21.0/go.mod h1:47Nbq4nVaFHyn7ilMalzfO3qCViNmqZ2kzikPIcrTAo=
google.golang.org/protobuf v1.22.0/go.mod h1:EGpADcykh3NcUnDUJcl1+ZksZNG86OlYog2l/sGQquU=
google.golang.org/protobuf v1.23.0/go.mod h1:EGpADcykh3NcUnDUJcl1+ZksZNG86OlYog2l/sGQquU=
google.golang.org/protobuf v1.23.1-0.20200526195155-81db48ad09cc/go.mod h1:EGpADcykh3NcUnDUJcl1+ZksZNG86OlYog2l/sGQquU=
google.golang.org/protobuf v1.25.0/go.mod h1:9JNX74DMeImyA3h4bdi1ymwjUzf21/xIlbajtzgsN7c=
google.golang.org/protobuf v1.26.0-rc.1/go.mod h1:jlhhOSvTdKEhbULTjvd4ARK9grFBp09yW+WbY/TyQbw=
google.golang.org/protobuf v1.26.0/go.mod h1:9q0QmTI4eRPtz6boOQmLYwt+qCgq0jsYwAQnmE0givc=
google.golang.org/protobuf v1.31.0 h1:g0LDEJHgrBl9N9r17Ru3sqWhkIx2NB67okBHPwC7hs8=
google.golang.org/protobuf v1.31.0/go.mod h1:HV8QOd/L58Z+nl8r43ehVNZIU/HEI6OcFqwMG9pJV4I=
gopkg.in/check.v1 v0.0.0-20161208181325-20d25e280405/go.mod h1:Co6ibVJAznAaIkqp8huTwlJQCZ016jof/cbN4VW5Yz0=
gopkg.in/yaml.v3 v3.0.0-20200313102051-9f266ea9e77c/go.mod h1:K4uyk7z7BCEPqu6E+C64Yfv1cQ7kz7rIZviUmN+EgEM=
gopkg.in/yaml.v3 v3.0.1 h1:fxVm/GzAzEWqLHuvctI91KS9hhNmmWOoWu0XTYJS7CA=
gopkg.in/yaml.v3 v3.0.1/go.mod h1:K4uyk7z7BCEPqu6E+C64Yfv1cQ7kz7rIZviUmN+EgEM=
honnef.co/go/tools v0.0.0-20190102054323-c2f93a96b099/go.mod h1:rf3lG4BRIbNafJWhAfAdb/ePZxsR/4RtNHQocxwk9r4=
honnef.co/go/tools v0.0.0-20190523083050-ea95bdfd59fc/go.mod h1:rf3lG4BRIbNafJWhAfAdb/ePZxsR/4RtNHQocxwk9r4=
rsc.io/pdf v0.1.1 h1:k1MczvYDUvJBe93bYd7wrZLLUEcLZAuF824/I4e5Xr4=
rsc.io/pdf v0.1.1/go.mod h1:n8OzWcQ6Sp37PL01nO98y4iUCRdTGarVfzxY20ICaU4=
star-tex.org/x/tex v0.4.0 h1:AXUwgpnHLCxZUWW3qrmjv6ezNhH3PjUVBuLLejz2cgU=
star-tex.org/x/tex v0.4.0/go.mod h1:w91ycsU/DkkCr7GWr60GPWqp3gn2U+6VX71T0o8k8qE=
